
Microsoft Visual Studio Solution File, Format Version 12.00
# Visual Studio Version 17
VisualStudioVersion = 17.2.32505.173
MinimumVisualStudioVersion = 10.0.40219.1
Project("{9A19103F-16F7-4668-BE54-9A1E7A4F7556}") = "CattleMgm", "CattleMgm\CattleMgm.csproj", "{B67C7AE0-FD38-46E0-AA9B-6DCDE9C2B13C}"
EndProject
Global
	GlobalSection(SolutionConfigurationPlatforms) = preSolution
		Debug|Any CPU = Debug|Any CPU
		Release|Any CPU = Release|Any CPU
	EndGlobalSection
	GlobalSection(ProjectConfigurationPlatforms) = postSolution
		{B67C7AE0-FD38-46E0-AA9B-6DCDE9C2B13C}.Debug|Any CPU.ActiveCfg = Debug|Any CPU
		{B67C7AE0-FD38-46E0-AA9B-6DCDE9C2B13C}.Debug|Any CPU.Build.0 = Debug|Any CPU
		{B67C7AE0-FD38-46E0-AA9B-6DCDE9C2B13C}.Release|Any CPU.ActiveCfg = Release|Any CPU
		{B67C7AE0-FD38-46E0-AA9B-6DCDE9C2B13C}.Release|Any CPU.Build.0 = Release|Any CPU
	EndGlobalSection
	GlobalSection(SolutionProperties) = preSolution
		HideSolutionNode = FALSE
	EndGlobalSection
	GlobalSection(ExtensibilityGlobals) = postSolution
		SolutionGuid = {DE6BF6EC-0314-42D8-BF1F-F7489882AF03}
	EndGlobalSection
EndGlobal
